
Microsoft Visual Studio Solution File, Format Version 12.00
# Visual Studio Version 17
VisualStudioVersion = 17.4.33213.308
MinimumVisualStudioVersion = 10.0.40219.1
Project("{FAE04EC0-301F-11D3-BF4B-00C04F79EFBC}") = "Hw4", "Hw4\Hw4.csproj", "{03743414-4FC8-45CE-8516-802421D0C601}"
EndProject
Global
	GlobalSection(SolutionConfigurationPlatforms) = preSolution
		Debug|Any CPU = Debug|Any CPU
		Release|Any CPU = Release|Any CPU
	EndGlobalSection
	GlobalSection(ProjectConfigurationPlatforms) = postSolution
		{03743414-4FC8-45CE-8516-802421D0C601}.Debug|Any CPU.ActiveCfg = Debug|Any CPU
		{03743414-4FC8-45CE-8516-802421D0C601}.Debug|Any CPU.Build.0 = Debug|Any CPU
		{03743414-4FC8-45CE-8516-802421D0C601}.Release|Any CPU.ActiveCfg = Release|Any CPU
		{03743414-4FC8-45CE-8516-802421D0C601}.Release|Any CPU.Build.0 = Release|Any CPU
	EndGlobalSection
	GlobalSection(SolutionProperties) = preSolution
		HideSolutionNode = FALSE
	EndGlobalSection
	GlobalSection(ExtensibilityGlobals) = postSolution
		SolutionGuid = {29E4E461-42C0-4D58-879C-3AC877B3BB1C}
	EndGlobalSection
EndGlobal
